
Microsoft Visual Studio Solution File, Format Version 12.00
# Visual Studio Version 17
VisualStudioVersion = 17.11.35222.181
MinimumVisualStudioVersion = 10.0.40219.1
Project("{FAE04EC0-301F-11D3-BF4B-00C04F79EFBC}") = "EstructurasDeDatos", "EstructurasDeDatos\EstructurasDeDatos.csproj", "{64F46963-61FC-45E9-9C2A-01831FA9E3D8}"
EndProject
Global
	GlobalSection(SolutionConfigurationPlatforms) = preSolution
		Debug|Any CPU = Debug|Any CPU
		Release|Any CPU = Release|Any CPU
	EndGlobalSection
	GlobalSection(ProjectConfigurationPlatforms) = postSolution
		{64F46963-61FC-45E9-9C2A-01831FA9E3D8}.Debug|Any CPU.ActiveCfg = Debug|Any CPU
		{64F46963-61FC-45E9-9C2A-01831FA9E3D8}.Debug|Any CPU.Build.0 = Debug|Any CPU
		{64F46963-61FC-45E9-9C2A-01831FA9E3D8}.Release|Any CPU.ActiveCfg = Release|Any CPU
		{64F46963-61FC-45E9-9C2A-01831FA9E3D8}.Release|Any CPU.Build.0 = Release|Any CPU
	EndGlobalSection
	GlobalSection(SolutionProperties) = preSolution
		HideSolutionNode = FALSE
	EndGlobalSection
	GlobalSection(ExtensibilityGlobals) = postSolution
		SolutionGuid = {F1402736-AF0A-47F1-8FB8-B29230342710}
	EndGlobalSection
EndGlobal
